# This file is automatically @generated by Poetry 1.4.2 and should not be changed by hand.

[[package]]
name = "PyMinitel"
version = "0.2.0"
description = "Bibliothèque pour piloter un Minitel depuis un PC"
category = "main"
optional = false
python-versions = "*"
files = []
develop = false

[package.source]
type = "git"
url = "https://github.com/zigazou/PyMinitel.git"
reference = "master"
resolved_reference = "001ffdd394d55cdb53a766b9245c3a5a488e672e"

[[package]]
name = "pyserial"
version = "3.5"
description = "Python Serial Port Extension"
category = "main"
optional = false
python-versions = "*"
files = [
    {file = "pyserial-3.5-py2.py3-none-any.whl", hash = "sha256:c4451db6ba391ca6ca299fb3ec7bae67a5c55dde170964c7a14ceefec02f2cf0"},
    {file = "pyserial-3.5.tar.gz", hash = "sha256:3c77e014170dfffbd816e6ffc205e9842efb10be9f58ec16d3e8675b4925cddb"},
]

[package.extras]
cp2110 = ["hidapi"]

[metadata]
lock-version = "2.0"
python-versions = "^3.10"
content-hash = "eeeba6dc3e0c4abfef175dc570fd2291a3b8de1b32b202bcc9dde4e53e022267"
